
Microsoft Visual Studio Solution File, Format Version 12.00
# Visual Studio Version 17
VisualStudioVersion = 17.6.33815.320
MinimumVisualStudioVersion = 10.0.40219.1
Project("{FAE04EC0-301F-11D3-BF4B-00C04F79EFBC}") = "Modul.8.FileSystem", "Modul.8.FileSystem\Modul.8.FileSystem.csproj", "{250E657D-D691-491A-BDBC-FDBCC1C67EDC}"
EndProject
Project("{FAE04EC0-301F-11D3-BF4B-00C04F79EFBC}") = "DiscInfoInMyCopm", "DiscInfoInMyCopm\DiscInfoInMyCopm.csproj", "{8921E544-E639-4CDA-A83B-B8FCFEA249FD}"
EndProject
Project("{FAE04EC0-301F-11D3-BF4B-00C04F79EFBC}") = "DiscManagerMyComp", "DiscManagerMyComp\DiscManagerMyComp.csproj", "{D35FFDDF-E324-4823-BA4B-F1EBB438E95F}"
EndProject
Global
	GlobalSection(SolutionConfigurationPlatforms) = preSolution
		Debug|Any CPU = Debug|Any CPU
		Release|Any CPU = Release|Any CPU
	EndGlobalSection
	GlobalSection(ProjectConfigurationPlatforms) = postSolution
		{250E657D-D691-491A-BDBC-FDBCC1C67EDC}.Debug|Any CPU.ActiveCfg = Debug|Any CPU
		{250E657D-D691-491A-BDBC-FDBCC1C67EDC}.Debug|Any CPU.Build.0 = Debug|Any CPU
		{250E657D-D691-491A-BDBC-FDBCC1C67EDC}.Release|Any CPU.ActiveCfg = Release|Any CPU
		{250E657D-D691-491A-BDBC-FDBCC1C67EDC}.Release|Any CPU.Build.0 = Release|Any CPU
		{8921E544-E639-4CDA-A83B-B8FCFEA249FD}.Debug|Any CPU.ActiveCfg = Debug|Any CPU
		{8921E544-E639-4CDA-A83B-B8FCFEA249FD}.Debug|Any CPU.Build.0 = Debug|Any CPU
		{8921E544-E639-4CDA-A83B-B8FCFEA249FD}.Release|Any CPU.ActiveCfg = Release|Any CPU
		{8921E544-E639-4CDA-A83B-B8FCFEA249FD}.Release|Any CPU.Build.0 = Release|Any CPU
		{D35FFDDF-E324-4823-BA4B-F1EBB438E95F}.Debug|Any CPU.ActiveCfg = Debug|Any CPU
		{D35FFDDF-E324-4823-BA4B-F1EBB438E95F}.Debug|Any CPU.Build.0 = Debug|Any CPU
		{D35FFDDF-E324-4823-BA4B-F1EBB438E95F}.Release|Any CPU.ActiveCfg = Release|Any CPU
		{D35FFDDF-E324-4823-BA4B-F1EBB438E95F}.Release|Any CPU.Build.0 = Release|Any CPU
	EndGlobalSection
	GlobalSection(SolutionProperties) = preSolution
		HideSolutionNode = FALSE
	EndGlobalSection
	GlobalSection(ExtensibilityGlobals) = postSolution
		SolutionGuid = {ED06BAC6-91E7-4C36-A947-96E624DE693C}
	EndGlobalSection
EndGlobal
